
Microsoft Visual Studio Solution File, Format Version 12.00
# Visual Studio Version 17
VisualStudioVersion = 17.8.34511.84
MinimumVisualStudioVersion = 10.0.40219.1
Project("{FAE04EC0-301F-11D3-BF4B-00C04F79EFBC}") = "Tarea-3 NARBIX SALAZAR", "Tarea-3 NARBIX SALAZAR\Tarea-3 NARBIX SALAZAR.csproj", "{70B59405-E16B-46F9-8CD1-B49EE941DA3D}"
EndProject
Global
	GlobalSection(SolutionConfigurationPlatforms) = preSolution
		Debug|Any CPU = Debug|Any CPU
		Release|Any CPU = Release|Any CPU
	EndGlobalSection
	GlobalSection(ProjectConfigurationPlatforms) = postSolution
		{70B59405-E16B-46F9-8CD1-B49EE941DA3D}.Debug|Any CPU.ActiveCfg = Debug|Any CPU
		{70B59405-E16B-46F9-8CD1-B49EE941DA3D}.Debug|Any CPU.Build.0 = Debug|Any CPU
		{70B59405-E16B-46F9-8CD1-B49EE941DA3D}.Release|Any CPU.ActiveCfg = Release|Any CPU
		{70B59405-E16B-46F9-8CD1-B49EE941DA3D}.Release|Any CPU.Build.0 = Release|Any CPU
	EndGlobalSection
	GlobalSection(SolutionProperties) = preSolution
		HideSolutionNode = FALSE
	EndGlobalSection
	GlobalSection(ExtensibilityGlobals) = postSolution
		SolutionGuid = {E6DE2D6E-C987-448B-AF66-AE0DEB7A870C}
	EndGlobalSection
EndGlobal
